
Microsoft Visual Studio Solution File, Format Version 12.00
# Visual Studio Version 17
VisualStudioVersion = 17.1.32228.430
MinimumVisualStudioVersion = 10.0.40219.1
Project("{FAE04EC0-301F-11D3-BF4B-00C04F79EFBC}") = "GoingThroughQuestions", "GoingThroughQuestions.csproj", "{1264E70F-9DF2-4EBD-ABC4-2C10BA61668D}"
EndProject
Global
	GlobalSection(SolutionConfigurationPlatforms) = preSolution
		Debug|Any CPU = Debug|Any CPU
		Release|Any CPU = Release|Any CPU
	EndGlobalSection
	GlobalSection(ProjectConfigurationPlatforms) = postSolution
		{1264E70F-9DF2-4EBD-ABC4-2C10BA61668D}.Debug|Any CPU.ActiveCfg = Debug|Any CPU
		{1264E70F-9DF2-4EBD-ABC4-2C10BA61668D}.Debug|Any CPU.Build.0 = Debug|Any CPU
		{1264E70F-9DF2-4EBD-ABC4-2C10BA61668D}.Release|Any CPU.ActiveCfg = Release|Any CPU
		{1264E70F-9DF2-4EBD-ABC4-2C10BA61668D}.Release|Any CPU.Build.0 = Release|Any CPU
	EndGlobalSection
	GlobalSection(SolutionProperties) = preSolution
		HideSolutionNode = FALSE
	EndGlobalSection
	GlobalSection(ExtensibilityGlobals) = postSolution
		SolutionGuid = {51D06947-B1A6-4819-82B2-2E9A301212CE}
	EndGlobalSection
EndGlobal
